// !$*UTF8*$!
{
	archiveVersion = 1;
	classes = {
	};
	objectVersion = 55;
	objects = {

/* Begin PBXBuildFile section */
		109103972928E02D00B522CC /* OverviewNavBar.swift in Sources */ = {isa = PBXBuildFile; fileRef = 109103962928E02D00B522CC /* OverviewNavBar.swift */; };
		1091039A2928E08000B522CC /* BaseView.swift in Sources */ = {isa = PBXBuildFile; fileRef = 109103992928E08000B522CC /* BaseView.swift */; };
		1091039E2928F37E00B522CC /* WeekView.swift in Sources */ = {isa = PBXBuildFile; fileRef = 1091039D2928F37E00B522CC /* WeekView.swift */; };
		109103A02928F4E200B522CC /* WeekdayView.swift in Sources */ = {isa = PBXBuildFile; fileRef = 1091039F2928F4E200B522CC /* WeekdayView.swift */; };
		1096D5D02920D7F70084CD14 /* AppDelegate.swift in Sources */ = {isa = PBXBuildFile; fileRef = 1096D5CF2920D7F70084CD14 /* AppDelegate.swift */; };
		1096D5D42920D7F70084CD14 /* BaseController.swift in Sources */ = {isa = PBXBuildFile; fileRef = 1096D5D32920D7F70084CD14 /* BaseController.swift */; };
		1096D5D92920D7FA0084CD14 /* Assets.xcassets in Resources */ = {isa = PBXBuildFile; fileRef = 1096D5D82920D7FA0084CD14 /* Assets.xcassets */; };
		1096D5DC2920D7FA0084CD14 /* LaunchScreen.storyboard in Resources */ = {isa = PBXBuildFile; fileRef = 1096D5DA2920D7FA0084CD14 /* LaunchScreen.storyboard */; };
		1096D5E72920DA320084CD14 /* TabBarController.swift in Sources */ = {isa = PBXBuildFile; fileRef = 1096D5E62920DA320084CD14 /* TabBarController.swift */; };
		1096D5EA2920DAE40084CD14 /* Extensions.swift in Sources */ = {isa = PBXBuildFile; fileRef = 1096D5E92920DAE40084CD14 /* Extensions.swift */; };
		1096D5EE2920DD3F0084CD14 /* Resources.swift in Sources */ = {isa = PBXBuildFile; fileRef = 1096D5ED2920DD3F0084CD14 /* Resources.swift */; };
		1096D5F02920E74E0084CD14 /* NavBarController.swift in Sources */ = {isa = PBXBuildFile; fileRef = 1096D5EF2920E74E0084CD14 /* NavBarController.swift */; };
		1096D5FA2920EFF90084CD14 /* SessionController.swift in Sources */ = {isa = PBXBuildFile; fileRef = 1096D5F92920EFF90084CD14 /* SessionController.swift */; };
		1096D5FC2920F0030084CD14 /* ProgressController.swift in Sources */ = {isa = PBXBuildFile; fileRef = 1096D5FB2920F0030084CD14 /* ProgressController.swift */; };
		1096D5FE2920F00D0084CD14 /* SettingsController.swift in Sources */ = {isa = PBXBuildFile; fileRef = 1096D5FD2920F00D0084CD14 /* SettingsController.swift */; };
		1096D6002920FD3F0084CD14 /* OverviewController.swift in Sources */ = {isa = PBXBuildFile; fileRef = 1096D5FF2920FD3F0084CD14 /* OverviewController.swift */; };
		1096D604292103350084CD14 /* CustomButton.swift in Sources */ = {isa = PBXBuildFile; fileRef = 1096D603292103350084CD14 /* CustomButton.swift */; };
		10ADB924293370130095D7B3 /* TimerView.swift in Sources */ = {isa = PBXBuildFile; fileRef = 10ADB923293370130095D7B3 /* TimerView.swift */; };
		10ADB927293370B00095D7B3 /* ProgressView.swift in Sources */ = {isa = PBXBuildFile; fileRef = 10ADB926293370B00095D7B3 /* ProgressView.swift */; };
		10E26F0E292A3BD9008B8D0D /* BaseInfoView.swift in Sources */ = {isa = PBXBuildFile; fileRef = 10E26F0D292A3BD9008B8D0D /* BaseInfoView.swift */; };
/* End PBXBuildFile section */

/* Begin PBXFileReference section */
		109103962928E02D00B522CC /* OverviewNavBar.swift */ = {isa = PBXFileReference; lastKnownFileType = sourcecode.swift; path = OverviewNavBar.swift; sourceTree = "<group>"; };
		109103992928E08000B522CC /* BaseView.swift */ = {isa = PBXFileReference; lastKnownFileType = sourcecode.swift; path = BaseView.swift; sourceTree = "<group>"; };
		1091039D2928F37E00B522CC /* WeekView.swift */ = {isa = PBXFileReference; lastKnownFileType = sourcecode.swift; path = WeekView.swift; sourceTree = "<group>"; };
		1091039F2928F4E200B522CC /* WeekdayView.swift */ = {isa = PBXFileReference; lastKnownFileType = sourcecode.swift; path = WeekdayView.swift; sourceTree = "<group>"; };
		1096D5CC2920D7F70084CD14 /* WorkoutApp.app */ = {isa = PBXFileReference; explicitFileType = wrapper.application; includeInIndex = 0; path = WorkoutApp.app; sourceTree = BUILT_PRODUCTS_DIR; };
		1096D5CF2920D7F70084CD14 /* AppDelegate.swift */ = {isa = PBXFileReference; lastKnownFileType = sourcecode.swift; path = AppDelegate.swift; sourceTree = "<group>"; };
		1096D5D32920D7F70084CD14 /* BaseController.swift */ = {isa = PBXFileReference; lastKnownFileType = sourcecode.swift; path = BaseController.swift; sourceTree = "<group>"; };
		1096D5D82920D7FA0084CD14 /* Assets.xcassets */ = {isa = PBXFileReference; lastKnownFileType = folder.assetcatalog; path = Assets.xcassets; sourceTree = "<group>"; };
		1096D5DB2920D7FA0084CD14 /* Base */ = {isa = PBXFileReference; lastKnownFileType = file.storyboard; name = Base; path = Base.lproj/LaunchScreen.storyboard; sourceTree = "<group>"; };
		1096D5DD2920D7FA0084CD14 /* Info.plist */ = {isa = PBXFileReference; lastKnownFileType = text.plist.xml; path = Info.plist; sourceTree = "<group>"; };
		1096D5E62920DA320084CD14 /* TabBarController.swift */ = {isa = PBXFileReference; lastKnownFileType = sourcecode.swift; path = TabBarController.swift; sourceTree = "<group>"; };
		1096D5E92920DAE40084CD14 /* Extensions.swift */ = {isa = PBXFileReference; lastKnownFileType = sourcecode.swift; path = Extensions.swift; sourceTree = "<group>"; };
		1096D5ED2920DD3F0084CD14 /* Resources.swift */ = {isa = PBXFileReference; lastKnownFileType = sourcecode.swift; path = Resources.swift; sourceTree = "<group>"; };
		1096D5EF2920E74E0084CD14 /* NavBarController.swift */ = {isa = PBXFileReference; lastKnownFileType = sourcecode.swift; path = NavBarController.swift; sourceTree = "<group>"; };
		1096D5F92920EFF90084CD14 /* SessionController.swift */ = {isa = PBXFileReference; lastKnownFileType = sourcecode.swift; path = SessionController.swift; sourceTree = "<group>"; };
		1096D5FB2920F0030084CD14 /* ProgressController.swift */ = {isa = PBXFileReference; lastKnownFileType = sourcecode.swift; path = ProgressController.swift; sourceTree = "<group>"; };
		1096D5FD2920F00D0084CD14 /* SettingsController.swift */ = {isa = PBXFileReference; lastKnownFileType = sourcecode.swift; path = SettingsController.swift; sourceTree = "<group>"; };
		1096D5FF2920FD3F0084CD14 /* OverviewController.swift */ = {isa = PBXFileReference; lastKnownFileType = sourcecode.swift; path = OverviewController.swift; sourceTree = "<group>"; };
		1096D603292103350084CD14 /* CustomButton.swift */ = {isa = PBXFileReference; lastKnownFileType = sourcecode.swift; path = CustomButton.swift; sourceTree = "<group>"; };
		10ADB923293370130095D7B3 /* TimerView.swift */ = {isa = PBXFileReference; lastKnownFileType = sourcecode.swift; path = TimerView.swift; sourceTree = "<group>"; };
		10ADB926293370B00095D7B3 /* ProgressView.swift */ = {isa = PBXFileReference; lastKnownFileType = sourcecode.swift; path = ProgressView.swift; sourceTree = "<group>"; };
		10E26F0D292A3BD9008B8D0D /* BaseInfoView.swift */ = {isa = PBXFileReference; lastKnownFileType = sourcecode.swift; path = BaseInfoView.swift; sourceTree = "<group>"; };
/* End PBXFileReference section */

/* Begin PBXFrameworksBuildPhase section */
		1096D5C92920D7F70084CD14 /* Frameworks */ = {
			isa = PBXFrameworksBuildPhase;
			buildActionMask = 2147483647;
			files = (
			);
			runOnlyForDeploymentPostprocessing = 0;
		};
/* End PBXFrameworksBuildPhase section */

/* Begin PBXGroup section */
		109103982928E07300B522CC /* Core */ = {
			isa = PBXGroup;
			children = (
				109103992928E08000B522CC /* BaseView.swift */,
				10E26F0D292A3BD9008B8D0D /* BaseInfoView.swift */,
				1096D603292103350084CD14 /* CustomButton.swift */,
			);
			path = Core;
			sourceTree = "<group>";
		};
		1091039C2928F37500B522CC /* WeekView */ = {
			isa = PBXGroup;
			children = (
				1091039D2928F37E00B522CC /* WeekView.swift */,
				1091039F2928F4E200B522CC /* WeekdayView.swift */,
			);
			path = WeekView;
			sourceTree = "<group>";
		};
		1096D5C32920D7F70084CD14 = {
			isa = PBXGroup;
			children = (
				1096D5CE2920D7F70084CD14 /* WorkoutApp */,
				1096D5CD2920D7F70084CD14 /* Products */,
			);
			sourceTree = "<group>";
		};
		1096D5CD2920D7F70084CD14 /* Products */ = {
			isa = PBXGroup;
			children = (
				1096D5CC2920D7F70084CD14 /* WorkoutApp.app */,
			);
			name = Products;
			sourceTree = "<group>";
		};
		1096D5CE2920D7F70084CD14 /* WorkoutApp */ = {
			isa = PBXGroup;
			children = (
				1096D601292103120084CD14 /* Components */,
				1096D5F12920EB880084CD14 /* Controllers */,
				1096D5E82920DADB0084CD14 /* Helpers */,
				1096D5E52920D85C0084CD14 /* SupportingFiles */,
				1096D5E32920D8480084CD14 /* Application */,
			);
			path = WorkoutApp;
			sourceTree = "<group>";
		};
		1096D5E32920D8480084CD14 /* Application */ = {
			isa = PBXGroup;
			children = (
				1096D5CF2920D7F70084CD14 /* AppDelegate.swift */,
			);
			path = Application;
			sourceTree = "<group>";
		};
		1096D5E52920D85C0084CD14 /* SupportingFiles */ = {
			isa = PBXGroup;
			children = (
				1096D5D82920D7FA0084CD14 /* Assets.xcassets */,
				1096D5DA2920D7FA0084CD14 /* LaunchScreen.storyboard */,
				1096D5DD2920D7FA0084CD14 /* Info.plist */,
			);
			path = SupportingFiles;
			sourceTree = "<group>";
		};
		1096D5E82920DADB0084CD14 /* Helpers */ = {
			isa = PBXGroup;
			children = (
				1096D5E92920DAE40084CD14 /* Extensions.swift */,
				1096D5ED2920DD3F0084CD14 /* Resources.swift */,
			);
			path = Helpers;
			sourceTree = "<group>";
		};
		1096D5F12920EB880084CD14 /* Controllers */ = {
			isa = PBXGroup;
			children = (
				1096D5F82920EECD0084CD14 /* Core */,
				1096D5FF2920FD3F0084CD14 /* OverviewController.swift */,
				1096D5F92920EFF90084CD14 /* SessionController.swift */,
				1096D5FB2920F0030084CD14 /* ProgressController.swift */,
				1096D5FD2920F00D0084CD14 /* SettingsController.swift */,
			);
			path = Controllers;
			sourceTree = "<group>";
		};
		1096D5F82920EECD0084CD14 /* Core */ = {
			isa = PBXGroup;
			children = (
				1096D5E62920DA320084CD14 /* TabBarController.swift */,
				1096D5EF2920E74E0084CD14 /* NavBarController.swift */,
				1096D5D32920D7F70084CD14 /* BaseController.swift */,
			);
			path = Core;
			sourceTree = "<group>";
		};
		1096D601292103120084CD14 /* Components */ = {
			isa = PBXGroup;
			children = (
				109103982928E07300B522CC /* Core */,
				1096D6022921031A0084CD14 /* Overview */,
				10ADB92229336FE50095D7B3 /* Session */,
			);
			path = Components;
			sourceTree = "<group>";
		};
		1096D6022921031A0084CD14 /* Overview */ = {
			isa = PBXGroup;
			children = (
				1091039C2928F37500B522CC /* WeekView */,
				109103962928E02D00B522CC /* OverviewNavBar.swift */,
			);
			path = Overview;
			sourceTree = "<group>";
		};
		10ADB92229336FE50095D7B3 /* Session */ = {
			isa = PBXGroup;
			children = (
				10ADB925293370A30095D7B3 /* Timer */,
			);
			path = Session;
			sourceTree = "<group>";
		};
		10ADB925293370A30095D7B3 /* Timer */ = {
			isa = PBXGroup;
			children = (
				10ADB923293370130095D7B3 /* TimerView.swift */,
				10ADB926293370B00095D7B3 /* ProgressView.swift */,
			);
			path = Timer;
			sourceTree = "<group>";
		};
/* End PBXGroup section */

/* Begin PBXNativeTarget section */
		1096D5CB2920D7F70084CD14 /* WorkoutApp */ = {
			isa = PBXNativeTarget;
			buildConfigurationList = 1096D5E02920D7FA0084CD14 /* Build configuration list for PBXNativeTarget "WorkoutApp" */;
			buildPhases = (
				1096D5C82920D7F70084CD14 /* Sources */,
				1096D5C92920D7F70084CD14 /* Frameworks */,
				1096D5CA2920D7F70084CD14 /* Resources */,
			);
			buildRules = (
			);
			dependencies = (
			);
			name = WorkoutApp;
			productName = WorkoutApp;
			productReference = 1096D5CC2920D7F70084CD14 /* WorkoutApp.app */;
			productType = "com.apple.product-type.application";
		};
/* End PBXNativeTarget section */

/* Begin PBXProject section */
		1096D5C42920D7F70084CD14 /* Project object */ = {
			isa = PBXProject;
			attributes = {
				BuildIndependentTargetsInParallel = 1;
				LastSwiftUpdateCheck = 1330;
				LastUpgradeCheck = 1330;
				TargetAttributes = {
					1096D5CB2920D7F70084CD14 = {
						CreatedOnToolsVersion = 13.3;
					};
				};
			};
			buildConfigurationList = 1096D5C72920D7F70084CD14 /* Build configuration list for PBXProject "WorkoutApp" */;
			compatibilityVersion = "Xcode 13.0";
			developmentRegion = en;
			hasScannedForEncodings = 0;
			knownRegions = (
				en,
				Base,
			);
			mainGroup = 1096D5C32920D7F70084CD14;
			productRefGroup = 1096D5CD2920D7F70084CD14 /* Products */;
			projectDirPath = "";
			projectRoot = "";
			targets = (
				1096D5CB2920D7F70084CD14 /* WorkoutApp */,
			);
		};
/* End PBXProject section */

/* Begin PBXResourcesBuildPhase section */
		1096D5CA2920D7F70084CD14 /* Resources */ = {
			isa = PBXResourcesBuildPhase;
			buildActionMask = 2147483647;
			files = (
				1096D5DC2920D7FA0084CD14 /* LaunchScreen.storyboard in Resources */,
				1096D5D92920D7FA0084CD14 /* Assets.xcassets in Resources */,
			);
			runOnlyForDeploymentPostprocessing = 0;
		};
/* End PBXResourcesBuildPhase section */

/* Begin PBXSourcesBuildPhase section */
		1096D5C82920D7F70084CD14 /* Sources */ = {
			isa = PBXSourcesBuildPhase;
			buildActionMask = 2147483647;
			files = (
				1096D5E72920DA320084CD14 /* TabBarController.swift in Sources */,
				1091039A2928E08000B522CC /* BaseView.swift in Sources */,
				1096D5F02920E74E0084CD14 /* NavBarController.swift in Sources */,
				1096D5FA2920EFF90084CD14 /* SessionController.swift in Sources */,
				1096D5D42920D7F70084CD14 /* BaseController.swift in Sources */,
				1096D5D02920D7F70084CD14 /* AppDelegate.swift in Sources */,
				109103A02928F4E200B522CC /* WeekdayView.swift in Sources */,
				10ADB924293370130095D7B3 /* TimerView.swift in Sources */,
				1096D5FC2920F0030084CD14 /* ProgressController.swift in Sources */,
				1096D5FE2920F00D0084CD14 /* SettingsController.swift in Sources */,
				1096D604292103350084CD14 /* CustomButton.swift in Sources */,
				109103972928E02D00B522CC /* OverviewNavBar.swift in Sources */,
				1091039E2928F37E00B522CC /* WeekView.swift in Sources */,
				1096D5EE2920DD3F0084CD14 /* Resources.swift in Sources */,
				1096D6002920FD3F0084CD14 /* OverviewController.swift in Sources */,
				1096D5EA2920DAE40084CD14 /* Extensions.swift in Sources */,
				10E26F0E292A3BD9008B8D0D /* BaseInfoView.swift in Sources */,
				10ADB927293370B00095D7B3 /* ProgressView.swift in Sources */,
			);
			runOnlyForDeploymentPostprocessing = 0;
		};
/* End PBXSourcesBuildPhase section */

/* Begin PBXVariantGroup section */
		1096D5DA2920D7FA0084CD14 /* LaunchScreen.storyboard */ = {
			isa = PBXVariantGroup;
			children = (
				1096D5DB2920D7FA0084CD14 /* Base */,
			);
			name = LaunchScreen.storyboard;
			sourceTree = "<group>";
		};
/* End PBXVariantGroup section */

/* Begin XCBuildConfiguration section */
		1096D5DE2920D7FA0084CD14 /* Debug */ = {
			isa = XCBuildConfiguration;
			buildSettings = {
				ALWAYS_SEARCH_USER_PATHS = NO;
				CLANG_ANALYZER_NONNULL = YES;
				CLANG_ANALYZER_NUMBER_OBJECT_CONVERSION = YES_AGGRESSIVE;
				CLANG_CXX_LANGUAGE_STANDARD = "gnu++17";
				CLANG_ENABLE_MODULES = YES;
				CLANG_ENABLE_OBJC_ARC = YES;
				CLANG_ENABLE_OBJC_WEAK = YES;
				CLANG_WARN_BLOCK_CAPTURE_AUTORELEASING = YES;
				CLANG_WARN_BOOL_CONVERSION = YES;
				CLANG_WARN_COMMA = YES;
				CLANG_WARN_CONSTANT_CONVERSION = YES;
				CLANG_WARN_DEPRECATED_OBJC_IMPLEMENTATIONS = YES;
				CLANG_WARN_DIRECT_OBJC_ISA_USAGE = YES_ERROR;
				CLANG_WARN_DOCUMENTATION_COMMENTS = YES;
				CLANG_WARN_EMPTY_BODY = YES;
				CLANG_WARN_ENUM_CONVERSION = YES;
				CLANG_WARN_INFINITE_RECURSION = YES;
				CLANG_WARN_INT_CONVERSION = YES;
				CLANG_WARN_NON_LITERAL_NULL_CONVERSION = YES;
				CLANG_WARN_OBJC_IMPLICIT_RETAIN_SELF = YES;
				CLANG_WARN_OBJC_LITERAL_CONVERSION = YES;
				CLANG_WARN_OBJC_ROOT_CLASS = YES_ERROR;
				CLANG_WARN_QUOTED_INCLUDE_IN_FRAMEWORK_HEADER = YES;
				CLANG_WARN_RANGE_LOOP_ANALYSIS = YES;
				CLANG_WARN_STRICT_PROTOTYPES = YES;
				CLANG_WARN_SUSPICIOUS_MOVE = YES;
				CLANG_WARN_UNGUARDED_AVAILABILITY = YES_AGGRESSIVE;
				CLANG_WARN_UNREACHABLE_CODE = YES;
				CLANG_WARN__DUPLICATE_METHOD_MATCH = YES;
				COPY_PHASE_STRIP = NO;
				DEBUG_INFORMATION_FORMAT = dwarf;
				ENABLE_STRICT_OBJC_MSGSEND = YES;
				ENABLE_TESTABILITY = YES;
				GCC_C_LANGUAGE_STANDARD = gnu11;
				GCC_DYNAMIC_NO_PIC = NO;
				GCC_NO_COMMON_BLOCKS = YES;
				GCC_OPTIMIZATION_LEVEL = 0;
				GCC_PREPROCESSOR_DEFINITIONS = (
					"DEBUG=1",
					"$(inherited)",
				);
				GCC_WARN_64_TO_32_BIT_CONVERSION = YES;
				GCC_WARN_ABOUT_RETURN_TYPE = YES_ERROR;
				GCC_WARN_UNDECLARED_SELECTOR = YES;
				GCC_WARN_UNINITIALIZED_AUTOS = YES_AGGRESSIVE;
				GCC_WARN_UNUSED_FUNCTION = YES;
				GCC_WARN_UNUSED_VARIABLE = YES;
				IPHONEOS_DEPLOYMENT_TARGET = 15.4;
				MTL_ENABLE_DEBUG_INFO = INCLUDE_SOURCE;
				MTL_FAST_MATH = YES;
				ONLY_ACTIVE_ARCH = YES;
				SDKROOT = iphoneos;
				SWIFT_ACTIVE_COMPILATION_CONDITIONS = DEBUG;
				SWIFT_OPTIMIZATION_LEVEL = "-Onone";
			};
			name = Debug;
		};
		1096D5DF2920D7FA0084CD14 /* Release */ = {
			isa = XCBuildConfiguration;
			buildSettings = {
				ALWAYS_SEARCH_USER_PATHS = NO;
				CLANG_ANALYZER_NONNULL = YES;
				CLANG_ANALYZER_NUMBER_OBJECT_CONVERSION = YES_AGGRESSIVE;
				CLANG_CXX_LANGUAGE_STANDARD = "gnu++17";
				CLANG_ENABLE_MODULES = YES;
				CLANG_ENABLE_OBJC_ARC = YES;
				CLANG_ENABLE_OBJC_WEAK = YES;
				CLANG_WARN_BLOCK_CAPTURE_AUTORELEASING = YES;
				CLANG_WARN_BOOL_CONVERSION = YES;
				CLANG_WARN_COMMA = YES;
				CLANG_WARN_CONSTANT_CONVERSION = YES;
				CLANG_WARN_DEPRECATED_OBJC_IMPLEMENTATIONS = YES;
				CLANG_WARN_DIRECT_OBJC_ISA_USAGE = YES_ERROR;
				CLANG_WARN_DOCUMENTATION_COMMENTS = YES;
				CLANG_WARN_EMPTY_BODY = YES;
				CLANG_WARN_ENUM_CONVERSION = YES;
				CLANG_WARN_INFINITE_RECURSION = YES;
				CLANG_WARN_INT_CONVERSION = YES;
				CLANG_WARN_NON_LITERAL_NULL_CONVERSION = YES;
				CLANG_WARN_OBJC_IMPLICIT_RETAIN_SELF = YES;
				CLANG_WARN_OBJC_LITERAL_CONVERSION = YES;
				CLANG_WARN_OBJC_ROOT_CLASS = YES_ERROR;
				CLANG_WARN_QUOTED_INCLUDE_IN_FRAMEWORK_HEADER = YES;
				CLANG_WARN_RANGE_LOOP_ANALYSIS = YES;
				CLANG_WARN_STRICT_PROTOTYPES = YES;
				CLANG_WARN_SUSPICIOUS_MOVE = YES;
				CLANG_WARN_UNGUARDED_AVAILABILITY = YES_AGGRESSIVE;
				CLANG_WARN_UNREACHABLE_CODE = YES;
				CLANG_WARN__DUPLICATE_METHOD_MATCH = YES;
				COPY_PHASE_STRIP = NO;
				DEBUG_INFORMATION_FORMAT = "dwarf-with-dsym";
				ENABLE_NS_ASSERTIONS = NO;
				ENABLE_STRICT_OBJC_MSGSEND = YES;
				GCC_C_LANGUAGE_STANDARD = gnu11;
				GCC_NO_COMMON_BLOCKS = YES;
				GCC_WARN_64_TO_32_BIT_CONVERSION = YES;
				GCC_WARN_ABOUT_RETURN_TYPE = YES_ERROR;
				GCC_WARN_UNDECLARED_SELECTOR = YES;
				GCC_WARN_UNINITIALIZED_AUTOS = YES_AGGRESSIVE;
				GCC_WARN_UNUSED_FUNCTION = YES;
				GCC_WARN_UNUSED_VARIABLE = YES;
				IPHONEOS_DEPLOYMENT_TARGET = 15.4;
				MTL_ENABLE_DEBUG_INFO = NO;
				MTL_FAST_MATH = YES;
				SDKROOT = iphoneos;
				SWIFT_COMPILATION_MODE = wholemodule;
				SWIFT_OPTIMIZATION_LEVEL = "-O";
				VALIDATE_PRODUCT = YES;
			};
			name = Release;
		};
		1096D5E12920D7FA0084CD14 /* Debug */ = {
			isa = XCBuildConfiguration;
			buildSettings = {
				ASSETCATALOG_COMPILER_APPICON_NAME = AppIcon;
				ASSETCATALOG_COMPILER_GLOBAL_ACCENT_COLOR_NAME = AccentColor;
				CODE_SIGN_STYLE = Automatic;
				CURRENT_PROJECT_VERSION = 1;
				DEVELOPMENT_TEAM = QGLMKQL94J;
				GENERATE_INFOPLIST_FILE = YES;
				INFOPLIST_FILE = WorkoutApp/SupportingFiles/Info.plist;
				INFOPLIST_KEY_UIApplicationSupportsIndirectInputEvents = YES;
				INFOPLIST_KEY_UILaunchStoryboardName = LaunchScreen;
				INFOPLIST_KEY_UISupportedInterfaceOrientations = UIInterfaceOrientationPortrait;
				INFOPLIST_KEY_UISupportedInterfaceOrientations_iPad = "UIInterfaceOrientationPortrait UIInterfaceOrientationPortraitUpsideDown UIInterfaceOrientationLandscapeLeft UIInterfaceOrientationLandscapeRight";
				INFOPLIST_KEY_UISupportedInterfaceOrientations_iPhone = "UIInterfaceOrientationPortrait UIInterfaceOrientationLandscapeLeft UIInterfaceOrientationLandscapeRight";
				LD_RUNPATH_SEARCH_PATHS = (
					"$(inherited)",
					"@executable_path/Frameworks",
				);
				MARKETING_VERSION = 1.0;
				PRODUCT_BUNDLE_IDENTIFIER = com.myapps.WorkoutApp;
				PRODUCT_NAME = "$(TARGET_NAME)";
				SWIFT_EMIT_LOC_STRINGS = YES;
				SWIFT_VERSION = 5.0;
				TARGETED_DEVICE_FAMILY = "1,2";
			};
			name = Debug;
		};
		1096D5E22920D7FA0084CD14 /* Release */ = {
			isa = XCBuildConfiguration;
			buildSettings = {
				ASSETCATALOG_COMPILER_APPICON_NAME = AppIcon;
				ASSETCATALOG_COMPILER_GLOBAL_ACCENT_COLOR_NAME = AccentColor;
				CODE_SIGN_STYLE = Automatic;
				CURRENT_PROJECT_VERSION = 1;
				DEVELOPMENT_TEAM = QGLMKQL94J;
				GENERATE_INFOPLIST_FILE = YES;
				INFOPLIST_FILE = WorkoutApp/SupportingFiles/Info.plist;
				INFOPLIST_KEY_UIApplicationSupportsIndirectInputEvents = YES;
				INFOPLIST_KEY_UILaunchStoryboardName = LaunchScreen;
				INFOPLIST_KEY_UISupportedInterfaceOrientations = UIInterfaceOrientationPortrait;
				INFOPLIST_KEY_UISupportedInterfaceOrientations_iPad = "UIInterfaceOrientationPortrait UIInterfaceOrientationPortraitUpsideDown UIInterfaceOrientationLandscapeLeft UIInterfaceOrientationLandscapeRight";
				INFOPLIST_KEY_UISupportedInterfaceOrientations_iPhone = "UIInterfaceOrientationPortrait UIInterfaceOrientationLandscapeLeft UIInterfaceOrientationLandscapeRight";
				LD_RUNPATH_SEARCH_PATHS = (
					"$(inherited)",
					"@executable_path/Frameworks",
				);
				MARKETING_VERSION = 1.0;
				PRODUCT_BUNDLE_IDENTIFIER = com.myapps.WorkoutApp;
				PRODUCT_NAME = "$(TARGET_NAME)";
				SWIFT_EMIT_LOC_STRINGS = YES;
				SWIFT_VERSION = 5.0;
				TARGETED_DEVICE_FAMILY = "1,2";
			};
			name = Release;
		};
/* End XCBuildConfiguration section */

/* Begin XCConfigurationList section */
		1096D5C72920D7F70084CD14 /* Build configuration list for PBXProject "WorkoutApp" */ = {
			isa = XCConfigurationList;
			buildConfigurations = (
				1096D5DE2920D7FA0084CD14 /* Debug */,
				1096D5DF2920D7FA0084CD14 /* Release */,
			);
			defaultConfigurationIsVisible = 0;
			defaultConfigurationName = Release;
		};
		1096D5E02920D7FA0084CD14 /* Build configuration list for PBXNativeTarget "WorkoutApp" */ = {
			isa = XCConfigurationList;
			buildConfigurations = (
				1096D5E12920D7FA0084CD14 /* Debug */,
				1096D5E22920D7FA0084CD14 /* Release */,
			);
			defaultConfigurationIsVisible = 0;
			defaultConfigurationName = Release;
		};
/* End XCConfigurationList section */
	};
	rootObject = 1096D5C42920D7F70084CD14 /* Project object */;
}
